
Microsoft Visual Studio Solution File, Format Version 12.00
# Visual Studio Version 17
VisualStudioVersion = 17.12.35527.113 d17.12
MinimumVisualStudioVersion = 10.0.40219.1
Project("{FAE04EC0-301F-11D3-BF4B-00C04F79EFBC}") = "ZigzagConversion", "ZigzagConversion.csproj", "{CAB89326-BF8D-4A8F-97D6-B3F4F509D70C}"
EndProject
Global
	GlobalSection(SolutionConfigurationPlatforms) = preSolution
		Debug|Any CPU = Debug|Any CPU
		Release|Any CPU = Release|Any CPU
	EndGlobalSection
	GlobalSection(ProjectConfigurationPlatforms) = postSolution
		{CAB89326-BF8D-4A8F-97D6-B3F4F509D70C}.Debug|Any CPU.ActiveCfg = Debug|Any CPU
		{CAB89326-BF8D-4A8F-97D6-B3F4F509D70C}.Debug|Any CPU.Build.0 = Debug|Any CPU
		{CAB89326-BF8D-4A8F-97D6-B3F4F509D70C}.Release|Any CPU.ActiveCfg = Release|Any CPU
		{CAB89326-BF8D-4A8F-97D6-B3F4F509D70C}.Release|Any CPU.Build.0 = Release|Any CPU
	EndGlobalSection
	GlobalSection(SolutionProperties) = preSolution
		HideSolutionNode = FALSE
	EndGlobalSection
EndGlobal
